
Microsoft Visual Studio Solution File, Format Version 12.00
# Visual Studio Version 17
VisualStudioVersion = 17.1.32414.318
MinimumVisualStudioVersion = 10.0.40219.1
Project("{FAE04EC0-301F-11D3-BF4B-00C04F79EFBC}") = "Student Information API", "Student Information API\Student Information API.csproj", "{3E34445C-C788-4778-BF2F-4047370652B0}"
EndProject
Global
	GlobalSection(SolutionConfigurationPlatforms) = preSolution
		Debug|Any CPU = Debug|Any CPU
		Release|Any CPU = Release|Any CPU
	EndGlobalSection
	GlobalSection(ProjectConfigurationPlatforms) = postSolution
		{3E34445C-C788-4778-BF2F-4047370652B0}.Debug|Any CPU.ActiveCfg = Debug|Any CPU
		{3E34445C-C788-4778-BF2F-4047370652B0}.Debug|Any CPU.Build.0 = Debug|Any CPU
		{3E34445C-C788-4778-BF2F-4047370652B0}.Release|Any CPU.ActiveCfg = Release|Any CPU
		{3E34445C-C788-4778-BF2F-4047370652B0}.Release|Any CPU.Build.0 = Release|Any CPU
	EndGlobalSection
	GlobalSection(SolutionProperties) = preSolution
		HideSolutionNode = FALSE
	EndGlobalSection
	GlobalSection(ExtensibilityGlobals) = postSolution
		SolutionGuid = {41A4DE00-BE16-4CE1-8AF4-400A46E31990}
	EndGlobalSection
EndGlobal
